PODS:
  - Alamofire (5.6.1)
  - Differentiator (5.0.0)
  - Dollar (9.0.0)
  - Hue (5.0.0)
  - Kingfisher (5.15.8):
    - Kingfisher/Core (= 5.15.8)
  - Kingfisher/Core (5.15.8)
  - Moya/Core (15.0.0):
    - Alamofire (~> 5.0)
  - Moya/RxSwift (15.0.0):
    - Moya/Core
    - RxSwift (~> 6.0)
  - "NSObject+Rx (5.2.2)":
    - RxSwift (~> 6.2)
  - ObjectMapper (4.2.0)
  - R.swift (6.1.0):
    - R.swift.Library (~> 5.3.0)
  - R.swift.Library (5.3.0)
  - ReachabilitySwift (5.0.0)
  - RxAnimated (0.9.0):
    - RxAnimated/Core (= 0.9.0)
    - RxCocoa (~> 6.0)
    - RxSwift (~> 6.0)
  - RxAnimated/Core (0.9.0):
    - RxCocoa (~> 6.0)
    - RxSwift (~> 6.0)
  - RxAppState (1.7.1):
    - RxCocoa (~> 6.2)
    - RxSwift (~> 6.2)
  - RxCocoa (6.5.0):
    - RxRelay (= 6.5.0)
    - RxSwift (= 6.5.0)
  - RxCoreLocation (1.5.1):
    - RxCoreLocation/Core (= 1.5.1)
  - RxCoreLocation/Core (1.5.1):
    - RxCocoa (~> 6.0)
    - RxSwift (~> 6.0)
  - RxDataSources (5.0.0):
    - Differentiator (~> 5.0)
    - RxCocoa (~> 6.0)
    - RxSwift (~> 6.0)
  - RxGesture (4.0.4):
    - RxCocoa (~> 6.0)
    - RxSwift (~> 6.0)
  - RxKeyboard (2.0.0):
    - RxCocoa (~> 6.0)
    - RxSwift (~> 6.0)
  - RxKingfisher (2.1.0):
    - Kingfisher (~> 5)
    - RxCocoa (~> 6)
    - RxSwift (~> 6)
  - RxMKMapView (6.0.0):
    - RxCocoa (~> 6.0)
    - RxSwift (~> 6.0)
  - RxOptional (5.0.2):
    - RxCocoa (~> 6.0)
    - RxSwift (~> 6.0)
  - RxReachability (1.2.1):
    - ReachabilitySwift (< 6.0, >= 5.0)
    - RxCocoa (~> 6)
    - RxSwift (~> 6)
  - RxRelay (6.5.0):
    - RxSwift (= 6.5.0)
  - RxSwift (6.5.0)
  - RxSwiftExt (6.0.1):
    - RxSwiftExt/Core (= 6.0.1)
    - RxSwiftExt/RxCocoa (= 6.0.1)
  - RxSwiftExt/Core (6.0.1):
    - RxSwift (~> 6.0)
  - RxSwiftExt/RxCocoa (6.0.1):
    - RxCocoa (~> 6.0)
    - RxSwiftExt/Core
  - RxUIAlert (1.5.0):
    - RxCocoa
    - RxSwift
  - RxViewController (2.0.0):
    - RxCocoa (~> 6.0)
    - RxSwift (~> 6.0)
  - RxWebKit (2.0.0):
    - RxCocoa (~> 6.0)
    - RxSwift (~> 6.0)
  - SkeletonView (1.29.2)
  - SwifterSwift (5.2.0):
    - SwifterSwift/AppKit (= 5.2.0)
    - SwifterSwift/CoreAnimation (= 5.2.0)
    - SwifterSwift/CoreGraphics (= 5.2.0)
    - SwifterSwift/CoreLocation (= 5.2.0)
    - SwifterSwift/Dispatch (= 5.2.0)
    - SwifterSwift/Foundation (= 5.2.0)
    - SwifterSwift/MapKit (= 5.2.0)
    - SwifterSwift/SceneKit (= 5.2.0)
    - SwifterSwift/SpriteKit (= 5.2.0)
    - SwifterSwift/StoreKit (= 5.2.0)
    - SwifterSwift/SwiftStdlib (= 5.2.0)
    - SwifterSwift/UIKit (= 5.2.0)
  - SwifterSwift/AppKit (5.2.0)
  - SwifterSwift/CoreAnimation (5.2.0)
  - SwifterSwift/CoreGraphics (5.2.0)
  - SwifterSwift/CoreLocation (5.2.0)
  - SwifterSwift/Dispatch (5.2.0)
  - SwifterSwift/Foundation (5.2.0)
  - SwifterSwift/MapKit (5.2.0)
  - SwifterSwift/SceneKit (5.2.0)
  - SwifterSwift/SpriteKit (5.2.0)
  - SwifterSwift/StoreKit (5.2.0)
  - SwifterSwift/SwiftStdlib (5.2.0)
  - SwifterSwift/UIKit (5.2.0)
  - SwiftMessages (9.0.6):
    - SwiftMessages/App (= 9.0.6)
  - SwiftMessages/App (9.0.6)
  - SwiftyJSON (5.0.1)

DEPENDENCIES:
  - Dollar (~> 9.0.0)
  - Hue (~> 5.0.0)
  - Moya/RxSwift (from `https://github.com/Moya/Moya.git`, tag `15.0.0`)
  - "NSObject+Rx (from `https://github.com/RxSwiftCommunity/NSObject-Rx.git`, tag `5.2.2`)"
  - ObjectMapper (~> 4.2.0)
  - R.swift (~> 6.1)
  - RxAnimated (from `https://github.com/RxSwiftCommunity/RxAnimated.git`, tag `0.9.0`)
  - RxAppState
  - RxCocoa (from `https://github.com/ReactiveX/RxSwift.git`, tag `6.5.0`)
  - RxCoreLocation (from `https://github.com/RxSwiftCommunity/RxCoreLocation.git`, tag `1.5.1`)
  - RxDataSources (from `https://github.com/RxSwiftCommunity/RxDataSources.git`, tag `5.0.0`)
  - RxGesture (from `https://github.com/RxSwiftCommunity/RxGesture.git`, tag `4.0.4`)
  - RxKeyboard (from `https://github.com/RxSwiftCommunity/RxKeyboard`, tag `2.0.0`)
  - RxKingfisher (from `https://github.com/RxSwiftCommunity/RxKingfisher.git`, tag `2.1.0`)
  - RxMKMapView
  - RxOptional (from `https://github.com/RxSwiftCommunity/RxOptional.git`, tag `v5.0.3`)
  - RxReachability (from `https://github.com/RxSwiftCommunity/RxReachability.git`, tag `1.2.1`)
  - RxSwift (from `https://github.com/ReactiveX/RxSwift.git`, tag `6.5.0`)
  - RxSwiftExt (from `https://github.com/RxSwiftCommunity/RxSwiftExt.git`, tag `6.0.1`)
  - RxUIAlert (from `https://github.com/RxSwiftCommunity/RxAlert.git`, tag `1.5.0`)
  - RxViewController (from `https://github.com/devxoul/RxViewController.git`, tag `2.0.0`)
  - RxWebKit (from `https://github.com/RxSwiftCommunity/RxWebKit.git`, tag `2.0.0`)
  - SkeletonView (~> 1.29.2)
  - SwifterSwift (~> 5.2.0)
  - SwiftMessages (from `https://github.com/SwiftKickMobile/SwiftMessages.git`, tag `9.0.6`)
  - SwiftyJSON (~> 5.0.1)

SPEC REPOS:
  trunk:
    - Alamofire
    - Differentiator
    - Dollar
    - Hue
    - Kingfisher
    - ObjectMapper
    - R.swift
    - R.swift.Library
    - ReachabilitySwift
    - RxAppState
    - RxMKMapView
    - RxRelay
    - SkeletonView
    - SwifterSwift
    - SwiftyJSON

EXTERNAL SOURCES:
  Moya:
    :git: https://github.com/Moya/Moya.git
    :tag: 15.0.0
  "NSObject+Rx":
    :git: https://github.com/RxSwiftCommunity/NSObject-Rx.git
    :tag: 5.2.2
  RxAnimated:
    :git: https://github.com/RxSwiftCommunity/RxAnimated.git
    :tag: 0.9.0
  RxCocoa:
    :git: https://github.com/ReactiveX/RxSwift.git
    :tag: 6.5.0
  RxCoreLocation:
    :git: https://github.com/RxSwiftCommunity/RxCoreLocation.git
    :tag: 1.5.1
  RxDataSources:
    :git: https://github.com/RxSwiftCommunity/RxDataSources.git
    :tag: 5.0.0
  RxGesture:
    :git: https://github.com/RxSwiftCommunity/RxGesture.git
    :tag: 4.0.4
  RxKeyboard:
    :git: https://github.com/RxSwiftCommunity/RxKeyboard
    :tag: 2.0.0
  RxKingfisher:
    :git: https://github.com/RxSwiftCommunity/RxKingfisher.git
    :tag: 2.1.0
  RxOptional:
    :git: https://github.com/RxSwiftCommunity/RxOptional.git
    :tag: v5.0.3
  RxReachability:
    :git: https://github.com/RxSwiftCommunity/RxReachability.git
    :tag: 1.2.1
  RxSwift:
    :git: https://github.com/ReactiveX/RxSwift.git
    :tag: 6.5.0
  RxSwiftExt:
    :git: https://github.com/RxSwiftCommunity/RxSwiftExt.git
    :tag: 6.0.1
  RxUIAlert:
    :git: https://github.com/RxSwiftCommunity/RxAlert.git
    :tag: 1.5.0
  RxViewController:
    :git: https://github.com/devxoul/RxViewController.git
    :tag: 2.0.0
  RxWebKit:
    :git: https://github.com/RxSwiftCommunity/RxWebKit.git
    :tag: 2.0.0
  SwiftMessages:
    :git: https://github.com/SwiftKickMobile/SwiftMessages.git
    :tag: 9.0.6

CHECKOUT OPTIONS:
  Moya:
    :git: https://github.com/Moya/Moya.git
    :tag: 15.0.0
  "NSObject+Rx":
    :git: https://github.com/RxSwiftCommunity/NSObject-Rx.git
    :tag: 5.2.2
  RxAnimated:
    :git: https://github.com/RxSwiftCommunity/RxAnimated.git
    :tag: 0.9.0
  RxCocoa:
    :git: https://github.com/ReactiveX/RxSwift.git
    :tag: 6.5.0
  RxCoreLocation:
    :git: https://github.com/RxSwiftCommunity/RxCoreLocation.git
    :tag: 1.5.1
  RxDataSources:
    :git: https://github.com/RxSwiftCommunity/RxDataSources.git
    :tag: 5.0.0
  RxGesture:
    :git: https://github.com/RxSwiftCommunity/RxGesture.git
    :tag: 4.0.4
  RxKeyboard:
    :git: https://github.com/RxSwiftCommunity/RxKeyboard
    :tag: 2.0.0
  RxKingfisher:
    :git: https://github.com/RxSwiftCommunity/RxKingfisher.git
    :tag: 2.1.0
  RxOptional:
    :git: https://github.com/RxSwiftCommunity/RxOptional.git
    :tag: v5.0.3
  RxReachability:
    :git: https://github.com/RxSwiftCommunity/RxReachability.git
    :tag: 1.2.1
  RxSwift:
    :git: https://github.com/ReactiveX/RxSwift.git
    :tag: 6.5.0
  RxSwiftExt:
    :git: https://github.com/RxSwiftCommunity/RxSwiftExt.git
    :tag: 6.0.1
  RxUIAlert:
    :git: https://github.com/RxSwiftCommunity/RxAlert.git
    :tag: 1.5.0
  RxViewController:
    :git: https://github.com/devxoul/RxViewController.git
    :tag: 2.0.0
  RxWebKit:
    :git: https://github.com/RxSwiftCommunity/RxWebKit.git
    :tag: 2.0.0
  SwiftMessages:
    :git: https://github.com/SwiftKickMobile/SwiftMessages.git
    :tag: 9.0.6

SPEC CHECKSUMS:
  Alamofire: 87bd8c952f9a4454320fce00d9cc3de57bcadaf5
  Differentiator: e8497ceab83c1b10ca233716d547b9af21b9344d
  Dollar: 2fc9bdeeb2d3ae1f251461803240d5c93829ee0c
  Hue: c129cb67be7d093a82bbbc30ce8a96757bf6f37a
  Kingfisher: a3c03d702433fa6cfedabb2bddbe076fb8f2e902
  Moya: 138f0573e53411fb3dc17016add0b748dfbd78ee
  "NSObject+Rx": 61cf1f7306a73dcef8b36649198af0813ec18dfd
  ObjectMapper: 1eb41f610210777375fa806bf161dc39fb832b81
  R.swift: ec98ff71c4ab2f6fd01dd077e5afd15e63a4834c
  R.swift.Library: 0fc583cb55a99e28901299cc451614cad1161962
  ReachabilitySwift: 985039c6f7b23a1da463388634119492ff86c825
  RxAnimated: e53fb66cafc0539faf881b734f7412a624527f0a
  RxAppState: 9c34f951d4ff8b9034f84016fe766202365bceb2
  RxCocoa: 94f817b71c07517321eb4f9ad299112ca8af743b
  RxCoreLocation: a78f4cbf32a4c6c47ecccbe22d41ff93b7e8c099
  RxDataSources: aa47cc1ed6c500fa0dfecac5c979b723542d79cf
  RxGesture: f3efb47ed2d26a8082f7b660d4a59970e275a7f8
  RxKeyboard: 4f5863f43b4ff0cbb2a20b94688d6b80c8a43c14
  RxKingfisher: a602fbf8751d756a7cc6190ddfedc2ce0d301377
  RxMKMapView: 9e33a1f1a6bdd96ef4d489d587df40b0b9017c20
  RxOptional: 3664964c96b69dd20c9cf78bdfe546615e26eca8
  RxReachability: bfd13548bf1dac7a877082d13918a9f39bdb5c18
  RxRelay: 1de1523e604c72b6c68feadedd1af3b1b4d0ecbd
  RxSwift: 5710a9e6b17f3c3d6e40d6e559b9fa1e813b2ef8
  RxSwiftExt: d61c4b9b06e0a448041b1c659e0f1b5c5a035afc
  RxUIAlert: 08ce7e41d47a674ce1e526a12e1e46ed508e89f0
  RxViewController: 56486fa0afd629a1d6b5ba077f3b8cd9dc31b5d2
  RxWebKit: f1d621d914e230f8aff65a7f03c969dced8915eb
  SkeletonView: 915a80ecc2b6421ab7ac0f0212321c0cc1406472
  SwifterSwift: 334181863c416882d97b7a60c05054d9e4d799e2
  SwiftMessages: f0c7ef4705a570ad6c5e208b611f4333e660ed92
  SwiftyJSON: 2f33a42c6fbc52764d96f13368585094bfd8aa5e

PODFILE CHECKSUM: 4571de4feefa64ff5944d37b64a50f9209d2f910

COCOAPODS: 1.11.2
